// !$*UTF8*$!
{
	archiveVersion = 1;
	classes = {
	};
	objectVersion = 50;
	objects = {

/* Begin PBXBuildFile section */
		6D33A9EF244E3412005F889C /* HomeController.swift in Sources */ = {isa = PBXBuildFile; fileRef = 6D33A9EE244E3412005F889C /* HomeController.swift */; };
		6D33A9F1244E4BA2005F889C /* TripController.swift in Sources */ = {isa = PBXBuildFile; fileRef = 6D33A9F0244E4BA2005F889C /* TripController.swift */; };
		6D3EADC824562BD200363CB8 /* AboutMeController.swift in Sources */ = {isa = PBXBuildFile; fileRef = 6D3EADC724562BD200363CB8 /* AboutMeController.swift */; };
		6D5DFF28244520760035D998 /* AppDelegate.swift in Sources */ = {isa = PBXBuildFile; fileRef = 6D5DFF27244520760035D998 /* AppDelegate.swift */; };
		6D5DFF2A244520760035D998 /* SceneDelegate.swift in Sources */ = {isa = PBXBuildFile; fileRef = 6D5DFF29244520760035D998 /* SceneDelegate.swift */; };
		6D5DFF2C244520760035D998 /* ViewController.swift in Sources */ = {isa = PBXBuildFile; fileRef = 6D5DFF2B244520760035D998 /* ViewController.swift */; };
		6D5DFF2F244520760035D998 /* Main.storyboard in Resources */ = {isa = PBXBuildFile; fileRef = 6D5DFF2D244520760035D998 /* Main.storyboard */; };
		6D5DFF31244520790035D998 /* Assets.xcassets in Resources */ = {isa = PBXBuildFile; fileRef = 6D5DFF30244520790035D998 /* Assets.xcassets */; };
		6D5DFF34244520790035D998 /* LaunchScreen.storyboard in Resources */ = {isa = PBXBuildFile; fileRef = 6D5DFF32244520790035D998 /* LaunchScreen.storyboard */; };
		6D5DFF3F244520790035D998 /* ZeroTests.swift in Sources */ = {isa = PBXBuildFile; fileRef = 6D5DFF3E244520790035D998 /* ZeroTests.swift */; };
		6D5DFF4A244520790035D998 /* ZeroUITests.swift in Sources */ = {isa = PBXBuildFile; fileRef = 6D5DFF49244520790035D998 /* ZeroUITests.swift */; };
		6F3600646456D2354EE2A7A8 /* Pods_Zero_ZeroUITests.framework in Frameworks */ = {isa = PBXBuildFile; fileRef = 033C5F20B91580299F607168 /* Pods_Zero_ZeroUITests.framework */; };
		804810C5680BEB530D922360 /* Pods_Zero.framework in Frameworks */ = {isa = PBXBuildFile; fileRef = C202641CD9D6F2036FB1AEEF /* Pods_Zero.framework */; };
		FBFB6BF27096BE80F98E29E4 /* Pods_ZeroTests.framework in Frameworks */ = {isa = PBXBuildFile; fileRef = 608B1A005D30BFFEC69D9CBE /* Pods_ZeroTests.framework */; };
/* End PBXBuildFile section */

/* Begin PBXContainerItemProxy section */
		6D5DFF3B244520790035D998 /* PBXContainerItemProxy */ = {
			isa = PBXContainerItemProxy;
			containerPortal = 6D5DFF1C244520760035D998 /* Project object */;
			proxyType = 1;
			remoteGlobalIDString = 6D5DFF23244520760035D998;
			remoteInfo = Zero;
		};
		6D5DFF46244520790035D998 /* PBXContainerItemProxy */ = {
			isa = PBXContainerItemProxy;
			containerPortal = 6D5DFF1C244520760035D998 /* Project object */;
			proxyType = 1;
			remoteGlobalIDString = 6D5DFF23244520760035D998;
			remoteInfo = Zero;
		};
/* End PBXContainerItemProxy section */

/* Begin PBXFileReference section */
		01D2A408A919B0C1FE5A226C /* Pods-Zero.release.xcconfig */ = {isa = PBXFileReference; includeInIndex = 1; lastKnownFileType = text.xcconfig; name = "Pods-Zero.release.xcconfig"; path = "Target Support Files/Pods-Zero/Pods-Zero.release.xcconfig"; sourceTree = "<group>"; };
		033C5F20B91580299F607168 /* Pods_Zero_ZeroUITests.framework */ = {isa = PBXFileReference; explicitFileType = wrapper.framework; includeInIndex = 0; path = Pods_Zero_ZeroUITests.framework; sourceTree = BUILT_PRODUCTS_DIR; };
		3571B404CE6D7D62A547C229 /* Pods-Zero.debug.xcconfig */ = {isa = PBXFileReference; includeInIndex = 1; lastKnownFileType = text.xcconfig; name = "Pods-Zero.debug.xcconfig"; path = "Target Support Files/Pods-Zero/Pods-Zero.debug.xcconfig"; sourceTree = "<group>"; };
		37C30E063DC22B3E228F81FA /* Pods-ZeroTests.debug.xcconfig */ = {isa = PBXFileReference; includeInIndex = 1; lastKnownFileType = text.xcconfig; name = "Pods-ZeroTests.debug.xcconfig"; path = "Target Support Files/Pods-ZeroTests/Pods-ZeroTests.debug.xcconfig"; sourceTree = "<group>"; };
		41604115D67B7FFA71C3B009 /* Pods-Zero-ZeroUITests.debug.xcconfig */ = {isa = PBXFileReference; includeInIndex = 1; lastKnownFileType = text.xcconfig; name = "Pods-Zero-ZeroUITests.debug.xcconfig"; path = "Target Support Files/Pods-Zero-ZeroUITests/Pods-Zero-ZeroUITests.debug.xcconfig"; sourceTree = "<group>"; };
		608B1A005D30BFFEC69D9CBE /* Pods_ZeroTests.framework */ = {isa = PBXFileReference; explicitFileType = wrapper.framework; includeInIndex = 0; path = Pods_ZeroTests.framework; sourceTree = BUILT_PRODUCTS_DIR; };
		6D33A9EE244E3412005F889C /* HomeController.swift */ = {isa = PBXFileReference; lastKnownFileType = sourcecode.swift; path = HomeController.swift; sourceTree = "<group>"; };
		6D33A9F0244E4BA2005F889C /* TripController.swift */ = {isa = PBXFileReference; lastKnownFileType = sourcecode.swift; path = TripController.swift; sourceTree = "<group>"; };
		6D3EADC724562BD200363CB8 /* AboutMeController.swift */ = {isa = PBXFileReference; lastKnownFileType = sourcecode.swift; path = AboutMeController.swift; sourceTree = "<group>"; };
		6D5DFF24244520760035D998 /* Zero.app */ = {isa = PBXFileReference; explicitFileType = wrapper.application; includeInIndex = 0; path = Zero.app; sourceTree = BUILT_PRODUCTS_DIR; };
		6D5DFF27244520760035D998 /* AppDelegate.swift */ = {isa = PBXFileReference; lastKnownFileType = sourcecode.swift; path = AppDelegate.swift; sourceTree = "<group>"; };
		6D5DFF29244520760035D998 /* SceneDelegate.swift */ = {isa = PBXFileReference; lastKnownFileType = sourcecode.swift; path = SceneDelegate.swift; sourceTree = "<group>"; };
		6D5DFF2B244520760035D998 /* ViewController.swift */ = {isa = PBXFileReference; lastKnownFileType = sourcecode.swift; path = ViewController.swift; sourceTree = "<group>"; };
		6D5DFF2E244520760035D998 /* Base */ = {isa = PBXFileReference; lastKnownFileType = file.storyboard; name = Base; path = Base.lproj/Main.storyboard; sourceTree = "<group>"; };
		6D5DFF30244520790035D998 /* Assets.xcassets */ = {isa = PBXFileReference; lastKnownFileType = folder.assetcatalog; path = Assets.xcassets; sourceTree = "<group>"; };
		6D5DFF33244520790035D998 /* Base */ = {isa = PBXFileReference; lastKnownFileType = file.storyboard; name = Base; path = Base.lproj/LaunchScreen.storyboard; sourceTree = "<group>"; };
		6D5DFF35244520790035D998 /* Info.plist */ = {isa = PBXFileReference; lastKnownFileType = text.plist.xml; path = Info.plist; sourceTree = "<group>"; };
		6D5DFF3A244520790035D998 /* ZeroTests.xctest */ = {isa = PBXFileReference; explicitFileType = wrapper.cfbundle; includeInIndex = 0; path = ZeroTests.xctest; sourceTree = BUILT_PRODUCTS_DIR; };
		6D5DFF3E244520790035D998 /* ZeroTests.swift */ = {isa = PBXFileReference; lastKnownFileType = sourcecode.swift; path = ZeroTests.swift; sourceTree = "<group>"; };
		6D5DFF40244520790035D998 /* Info.plist */ = {isa = PBXFileReference; lastKnownFileType = text.plist.xml; path = Info.plist; sourceTree = "<group>"; };
		6D5DFF45244520790035D998 /* ZeroUITests.xctest */ = {isa = PBXFileReference; explicitFileType = wrapper.cfbundle; includeInIndex = 0; path = ZeroUITests.xctest; sourceTree = BUILT_PRODUCTS_DIR; };
		6D5DFF49244520790035D998 /* ZeroUITests.swift */ = {isa = PBXFileReference; lastKnownFileType = sourcecode.swift; path = ZeroUITests.swift; sourceTree = "<group>"; };
		6D5DFF4B244520790035D998 /* Info.plist */ = {isa = PBXFileReference; lastKnownFileType = text.plist.xml; path = Info.plist; sourceTree = "<group>"; };
		B464E06570C7AE23486B860B /* Pods-ZeroTests.release.xcconfig */ = {isa = PBXFileReference; includeInIndex = 1; lastKnownFileType = text.xcconfig; name = "Pods-ZeroTests.release.xcconfig"; path = "Target Support Files/Pods-ZeroTests/Pods-ZeroTests.release.xcconfig"; sourceTree = "<group>"; };
		C202641CD9D6F2036FB1AEEF /* Pods_Zero.framework */ = {isa = PBXFileReference; explicitFileType = wrapper.framework; includeInIndex = 0; path = Pods_Zero.framework; sourceTree = BUILT_PRODUCTS_DIR; };
		F7DC96F2D842E3CD2F6CE08B /* Pods-Zero-ZeroUITests.release.xcconfig */ = {isa = PBXFileReference; includeInIndex = 1; lastKnownFileType = text.xcconfig; name = "Pods-Zero-ZeroUITests.release.xcconfig"; path = "Target Support Files/Pods-Zero-ZeroUITests/Pods-Zero-ZeroUITests.release.xcconfig"; sourceTree = "<group>"; };
/* End PBXFileReference section */

/* Begin PBXFrameworksBuildPhase section */
		6D5DFF21244520760035D998 /* Frameworks */ = {
			isa = PBXFrameworksBuildPhase;
			buildActionMask = 2147483647;
			files = (
				804810C5680BEB530D922360 /* Pods_Zero.framework in Frameworks */,
			);
			runOnlyForDeploymentPostprocessing = 0;
		};
		6D5DFF37244520790035D998 /* Frameworks */ = {
			isa = PBXFrameworksBuildPhase;
			buildActionMask = 2147483647;
			files = (
				FBFB6BF27096BE80F98E29E4 /* Pods_ZeroTests.framework in Frameworks */,
			);
			runOnlyForDeploymentPostprocessing = 0;
		};
		6D5DFF42244520790035D998 /* Frameworks */ = {
			isa = PBXFrameworksBuildPhase;
			buildActionMask = 2147483647;
			files = (
				6F3600646456D2354EE2A7A8 /* Pods_Zero_ZeroUITests.framework in Frameworks */,
			);
			runOnlyForDeploymentPostprocessing = 0;
		};
/* End PBXFrameworksBuildPhase section */

/* Begin PBXGroup section */
		39583FCFF2A18C2A1509211E /* Pods */ = {
			isa = PBXGroup;
			children = (
				3571B404CE6D7D62A547C229 /* Pods-Zero.debug.xcconfig */,
				01D2A408A919B0C1FE5A226C /* Pods-Zero.release.xcconfig */,
				41604115D67B7FFA71C3B009 /* Pods-Zero-ZeroUITests.debug.xcconfig */,
				F7DC96F2D842E3CD2F6CE08B /* Pods-Zero-ZeroUITests.release.xcconfig */,
				37C30E063DC22B3E228F81FA /* Pods-ZeroTests.debug.xcconfig */,
				B464E06570C7AE23486B860B /* Pods-ZeroTests.release.xcconfig */,
			);
			path = Pods;
			sourceTree = "<group>";
		};
		6D5DFF1B244520760035D998 = {
			isa = PBXGroup;
			children = (
				6D5DFF26244520760035D998 /* Zero */,
				6D5DFF3D244520790035D998 /* ZeroTests */,
				6D5DFF48244520790035D998 /* ZeroUITests */,
				6D5DFF25244520760035D998 /* Products */,
				39583FCFF2A18C2A1509211E /* Pods */,
				DEED0B962B05B8D006ABAC58 /* Frameworks */,
			);
			sourceTree = "<group>";
		};
		6D5DFF25244520760035D998 /* Products */ = {
			isa = PBXGroup;
			children = (
				6D5DFF24244520760035D998 /* Zero.app */,
				6D5DFF3A244520790035D998 /* ZeroTests.xctest */,
				6D5DFF45244520790035D998 /* ZeroUITests.xctest */,
			);
			name = Products;
			sourceTree = "<group>";
		};
		6D5DFF26244520760035D998 /* Zero */ = {
			isa = PBXGroup;
			children = (
				6D5DFF27244520760035D998 /* AppDelegate.swift */,
				6D5DFF29244520760035D998 /* SceneDelegate.swift */,
				6D5DFF2B244520760035D998 /* ViewController.swift */,
				6D33A9F0244E4BA2005F889C /* TripController.swift */,
				6D3EADC724562BD200363CB8 /* AboutMeController.swift */,
				6D33A9EE244E3412005F889C /* HomeController.swift */,
				6D5DFF2D244520760035D998 /* Main.storyboard */,
				6D5DFF30244520790035D998 /* Assets.xcassets */,
				6D5DFF32244520790035D998 /* LaunchScreen.storyboard */,
				6D5DFF35244520790035D998 /* Info.plist */,
			);
			path = Zero;
			sourceTree = "<group>";
		};
		6D5DFF3D244520790035D998 /* ZeroTests */ = {
			isa = PBXGroup;
			children = (
				6D5DFF3E244520790035D998 /* ZeroTests.swift */,
				6D5DFF40244520790035D998 /* Info.plist */,
			);
			path = ZeroTests;
			sourceTree = "<group>";
		};
		6D5DFF48244520790035D998 /* ZeroUITests */ = {
			isa = PBXGroup;
			children = (
				6D5DFF49244520790035D998 /* ZeroUITests.swift */,
				6D5DFF4B244520790035D998 /* Info.plist */,
			);
			path = ZeroUITests;
			sourceTree = "<group>";
		};
		DEED0B962B05B8D006ABAC58 /* Frameworks */ = {
			isa = PBXGroup;
			children = (
				C202641CD9D6F2036FB1AEEF /* Pods_Zero.framework */,
				033C5F20B91580299F607168 /* Pods_Zero_ZeroUITests.framework */,
				608B1A005D30BFFEC69D9CBE /* Pods_ZeroTests.framework */,
			);
			name = Frameworks;
			sourceTree = "<group>";
		};
/* End PBXGroup section */

/* Begin PBXNativeTarget section */
		6D5DFF23244520760035D998 /* Zero */ = {
			isa = PBXNativeTarget;
			buildConfigurationList = 6D5DFF4E244520790035D998 /* Build configuration list for PBXNativeTarget "Zero" */;
			buildPhases = (
				59BC83F31EF72FD43E2794FD /* [CP] Check Pods Manifest.lock */,
				6D5DFF20244520760035D998 /* Sources */,
				6D5DFF21244520760035D998 /* Frameworks */,
				6D5DFF22244520760035D998 /* Resources */,
			);
			buildRules = (
			);
			dependencies = (
			);
			name = Zero;
			productName = Zero;
			productReference = 6D5DFF24244520760035D998 /* Zero.app */;
			productType = "com.apple.product-type.application";
		};
		6D5DFF39244520790035D998 /* ZeroTests */ = {
			isa = PBXNativeTarget;
			buildConfigurationList = 6D5DFF51244520790035D998 /* Build configuration list for PBXNativeTarget "ZeroTests" */;
			buildPhases = (
				937D4D0761FC3704921F246E /* [CP] Check Pods Manifest.lock */,
				6D5DFF36244520790035D998 /* Sources */,
				6D5DFF37244520790035D998 /* Frameworks */,
				6D5DFF38244520790035D998 /* Resources */,
			);
			buildRules = (
			);
			dependencies = (
				6D5DFF3C244520790035D998 /* PBXTargetDependency */,
			);
			name = ZeroTests;
			productName = ZeroTests;
			productReference = 6D5DFF3A244520790035D998 /* ZeroTests.xctest */;
			productType = "com.apple.product-type.bundle.unit-test";
		};
		6D5DFF44244520790035D998 /* ZeroUITests */ = {
			isa = PBXNativeTarget;
			buildConfigurationList = 6D5DFF54244520790035D998 /* Build configuration list for PBXNativeTarget "ZeroUITests" */;
			buildPhases = (
				88D7CB1175E8F70EFF5B69A6 /* [CP] Check Pods Manifest.lock */,
				6D5DFF41244520790035D998 /* Sources */,
				6D5DFF42244520790035D998 /* Frameworks */,
				6D5DFF43244520790035D998 /* Resources */,
			);
			buildRules = (
			);
			dependencies = (
				6D5DFF47244520790035D998 /* PBXTargetDependency */,
			);
			name = ZeroUITests;
			productName = ZeroUITests;
			productReference = 6D5DFF45244520790035D998 /* ZeroUITests.xctest */;
			productType = "com.apple.product-type.bundle.ui-testing";
		};
/* End PBXNativeTarget section */

/* Begin PBXProject section */
		6D5DFF1C244520760035D998 /* Project object */ = {
			isa = PBXProject;
			attributes = {
				LastSwiftUpdateCheck = 1130;
				LastUpgradeCheck = 1130;
				ORGANIZATIONNAME = "Karina Hadad de Souza";
				TargetAttributes = {
					6D5DFF23244520760035D998 = {
						CreatedOnToolsVersion = 11.3;
					};
					6D5DFF39244520790035D998 = {
						CreatedOnToolsVersion = 11.3;
						TestTargetID = 6D5DFF23244520760035D998;
					};
					6D5DFF44244520790035D998 = {
						CreatedOnToolsVersion = 11.3;
						TestTargetID = 6D5DFF23244520760035D998;
					};
				};
			};
			buildConfigurationList = 6D5DFF1F244520760035D998 /* Build configuration list for PBXProject "Zero" */;
			compatibilityVersion = "Xcode 9.3";
			developmentRegion = en;
			hasScannedForEncodings = 0;
			knownRegions = (
				en,
				Base,
			);
			mainGroup = 6D5DFF1B244520760035D998;
			productRefGroup = 6D5DFF25244520760035D998 /* Products */;
			projectDirPath = "";
			projectRoot = "";
			targets = (
				6D5DFF23244520760035D998 /* Zero */,
				6D5DFF39244520790035D998 /* ZeroTests */,
				6D5DFF44244520790035D998 /* ZeroUITests */,
			);
		};
/* End PBXProject section */

/* Begin PBXResourcesBuildPhase section */
		6D5DFF22244520760035D998 /* Resources */ = {
			isa = PBXResourcesBuildPhase;
			buildActionMask = 2147483647;
			files = (
				6D5DFF34244520790035D998 /* LaunchScreen.storyboard in Resources */,
				6D5DFF31244520790035D998 /* Assets.xcassets in Resources */,
				6D5DFF2F244520760035D998 /* Main.storyboard in Resources */,
			);
			runOnlyForDeploymentPostprocessing = 0;
		};
		6D5DFF38244520790035D998 /* Resources */ = {
			isa = PBXResourcesBuildPhase;
			buildActionMask = 2147483647;
			files = (
			);
			runOnlyForDeploymentPostprocessing = 0;
		};
		6D5DFF43244520790035D998 /* Resources */ = {
			isa = PBXResourcesBuildPhase;
			buildActionMask = 2147483647;
			files = (
			);
			runOnlyForDeploymentPostprocessing = 0;
		};
/* End PBXResourcesBuildPhase section */

/* Begin PBXShellScriptBuildPhase section */
		59BC83F31EF72FD43E2794FD /* [CP] Check Pods Manifest.lock */ = {
			isa = PBXShellScriptBuildPhase;
			buildActionMask = 2147483647;
			files = (
			);
			inputFileListPaths = (
			);
			inputPaths = (
				"${PODS_PODFILE_DIR_PATH}/Podfile.lock",
				"${PODS_ROOT}/Manifest.lock",
			);
			name = "[CP] Check Pods Manifest.lock";
			outputFileListPaths = (
			);
			outputPaths = (
				"$(DERIVED_FILE_DIR)/Pods-Zero-checkManifestLockResult.txt",
			);
			runOnlyForDeploymentPostprocessing = 0;
			shellPath = /bin/sh;
			shellScript = "diff \"${PODS_PODFILE_DIR_PATH}/Podfile.lock\" \"${PODS_ROOT}/Manifest.lock\" > /dev/null\nif [ $? != 0 ] ; then\n    # print error to STDERR\n    echo \"error: The sandbox is not in sync with the Podfile.lock. Run 'pod install' or update your CocoaPods installation.\" >&2\n    exit 1\nfi\n# This output is used by Xcode 'outputs' to avoid re-running this script phase.\necho \"SUCCESS\" > \"${SCRIPT_OUTPUT_FILE_0}\"\n";
			showEnvVarsInLog = 0;
		};
		88D7CB1175E8F70EFF5B69A6 /* [CP] Check Pods Manifest.lock */ = {
			isa = PBXShellScriptBuildPhase;
			buildActionMask = 2147483647;
			files = (
			);
			inputFileListPaths = (
			);
			inputPaths = (
				"${PODS_PODFILE_DIR_PATH}/Podfile.lock",
				"${PODS_ROOT}/Manifest.lock",
			);
			name = "[CP] Check Pods Manifest.lock";
			outputFileListPaths = (
			);
			outputPaths = (
				"$(DERIVED_FILE_DIR)/Pods-Zero-ZeroUITests-checkManifestLockResult.txt",
			);
			runOnlyForDeploymentPostprocessing = 0;
			shellPath = /bin/sh;
			shellScript = "diff \"${PODS_PODFILE_DIR_PATH}/Podfile.lock\" \"${PODS_ROOT}/Manifest.lock\" > /dev/null\nif [ $? != 0 ] ; then\n    # print error to STDERR\n    echo \"error: The sandbox is not in sync with the Podfile.lock. Run 'pod install' or update your CocoaPods installation.\" >&2\n    exit 1\nfi\n# This output is used by Xcode 'outputs' to avoid re-running this script phase.\necho \"SUCCESS\" > \"${SCRIPT_OUTPUT_FILE_0}\"\n";
			showEnvVarsInLog = 0;
		};
		937D4D0761FC3704921F246E /* [CP] Check Pods Manifest.lock */ = {
			isa = PBXShellScriptBuildPhase;
			buildActionMask = 2147483647;
			files = (
			);
			inputFileListPaths = (
			);
			inputPaths = (
				"${PODS_PODFILE_DIR_PATH}/Podfile.lock",
				"${PODS_ROOT}/Manifest.lock",
			);
			name = "[CP] Check Pods Manifest.lock";
			outputFileListPaths = (
			);
			outputPaths = (
				"$(DERIVED_FILE_DIR)/Pods-ZeroTests-checkManifestLockResult.txt",
			);
			runOnlyForDeploymentPostprocessing = 0;
			shellPath = /bin/sh;
			shellScript = "diff \"${PODS_PODFILE_DIR_PATH}/Podfile.lock\" \"${PODS_ROOT}/Manifest.lock\" > /dev/null\nif [ $? != 0 ] ; then\n    # print error to STDERR\n    echo \"error: The sandbox is not in sync with the Podfile.lock. Run 'pod install' or update your CocoaPods installation.\" >&2\n    exit 1\nfi\n# This output is used by Xcode 'outputs' to avoid re-running this script phase.\necho \"SUCCESS\" > \"${SCRIPT_OUTPUT_FILE_0}\"\n";
			showEnvVarsInLog = 0;
		};
/* End PBXShellScriptBuildPhase section */

/* Begin PBXSourcesBuildPhase section */
		6D5DFF20244520760035D998 /* Sources */ = {
			isa = PBXSourcesBuildPhase;
			buildActionMask = 2147483647;
			files = (
				6D33A9EF244E3412005F889C /* HomeController.swift in Sources */,
				6D5DFF2C244520760035D998 /* ViewController.swift in Sources */,
				6D5DFF28244520760035D998 /* AppDelegate.swift in Sources */,
				6D33A9F1244E4BA2005F889C /* TripController.swift in Sources */,
				6D5DFF2A244520760035D998 /* SceneDelegate.swift in Sources */,
				6D3EADC824562BD200363CB8 /* AboutMeController.swift in Sources */,
			);
			runOnlyForDeploymentPostprocessing = 0;
		};
		6D5DFF36244520790035D998 /* Sources */ = {
			isa = PBXSourcesBuildPhase;
			buildActionMask = 2147483647;
			files = (
				6D5DFF3F244520790035D998 /* ZeroTests.swift in Sources */,
			);
			runOnlyForDeploymentPostprocessing = 0;
		};
		6D5DFF41244520790035D998 /* Sources */ = {
			isa = PBXSourcesBuildPhase;
			buildActionMask = 2147483647;
			files = (
				6D5DFF4A244520790035D998 /* ZeroUITests.swift in Sources */,
			);
			runOnlyForDeploymentPostprocessing = 0;
		};
/* End PBXSourcesBuildPhase section */

/* Begin PBXTargetDependency section */
		6D5DFF3C244520790035D998 /* PBXTargetDependency */ = {
			isa = PBXTargetDependency;
			target = 6D5DFF23244520760035D998 /* Zero */;
			targetProxy = 6D5DFF3B244520790035D998 /* PBXContainerItemProxy */;
		};
		6D5DFF47244520790035D998 /* PBXTargetDependency */ = {
			isa = PBXTargetDependency;
			target = 6D5DFF23244520760035D998 /* Zero */;
			targetProxy = 6D5DFF46244520790035D998 /* PBXContainerItemProxy */;
		};
/* End PBXTargetDependency section */

/* Begin PBXVariantGroup section */
		6D5DFF2D244520760035D998 /* Main.storyboard */ = {
			isa = PBXVariantGroup;
			children = (
				6D5DFF2E244520760035D998 /* Base */,
			);
			name = Main.storyboard;
			sourceTree = "<group>";
		};
		6D5DFF32244520790035D998 /* LaunchScreen.storyboard */ = {
			isa = PBXVariantGroup;
			children = (
				6D5DFF33244520790035D998 /* Base */,
			);
			name = LaunchScreen.storyboard;
			sourceTree = "<group>";
		};
/* End PBXVariantGroup section */

/* Begin XCBuildConfiguration section */
		6D5DFF4C244520790035D998 /* Debug */ = {
			isa = XCBuildConfiguration;
			buildSettings = {
				ALWAYS_SEARCH_USER_PATHS = NO;
				CLANG_ANALYZER_NONNULL = YES;
				CLANG_ANALYZER_NUMBER_OBJECT_CONVERSION = YES_AGGRESSIVE;
				CLANG_CXX_LANGUAGE_STANDARD = "gnu++14";
				CLANG_CXX_LIBRARY = "libc++";
				CLANG_ENABLE_MODULES = YES;
				CLANG_ENABLE_OBJC_ARC = YES;
				CLANG_ENABLE_OBJC_WEAK = YES;
				CLANG_WARN_BLOCK_CAPTURE_AUTORELEASING = YES;
				CLANG_WARN_BOOL_CONVERSION = YES;
				CLANG_WARN_COMMA = YES;
				CLANG_WARN_CONSTANT_CONVERSION = YES;
				CLANG_WARN_DEPRECATED_OBJC_IMPLEMENTATIONS = YES;
				CLANG_WARN_DIRECT_OBJC_ISA_USAGE = YES_ERROR;
				CLANG_WARN_DOCUMENTATION_COMMENTS = YES;
				CLANG_WARN_EMPTY_BODY = YES;
				CLANG_WARN_ENUM_CONVERSION = YES;
				CLANG_WARN_INFINITE_RECURSION = YES;
				CLANG_WARN_INT_CONVERSION = YES;
				CLANG_WARN_NON_LITERAL_NULL_CONVERSION = YES;
				CLANG_WARN_OBJC_IMPLICIT_RETAIN_SELF = YES;
				CLANG_WARN_OBJC_LITERAL_CONVERSION = YES;
				CLANG_WARN_OBJC_ROOT_CLASS = YES_ERROR;
				CLANG_WARN_RANGE_LOOP_ANALYSIS = YES;
				CLANG_WARN_STRICT_PROTOTYPES = YES;
				CLANG_WARN_SUSPICIOUS_MOVE = YES;
				CLANG_WARN_UNGUARDED_AVAILABILITY = YES_AGGRESSIVE;
				CLANG_WARN_UNREACHABLE_CODE = YES;
				CLANG_WARN__DUPLICATE_METHOD_MATCH = YES;
				COPY_PHASE_STRIP = NO;
				DEBUG_INFORMATION_FORMAT = dwarf;
				ENABLE_STRICT_OBJC_MSGSEND = YES;
				ENABLE_TESTABILITY = YES;
				GCC_C_LANGUAGE_STANDARD = gnu11;
				GCC_DYNAMIC_NO_PIC = NO;
				GCC_NO_COMMON_BLOCKS = YES;
				GCC_OPTIMIZATION_LEVEL = 0;
				GCC_PREPROCESSOR_DEFINITIONS = (
					"DEBUG=1",
					"$(inherited)",
				);
				GCC_WARN_64_TO_32_BIT_CONVERSION = YES;
				GCC_WARN_ABOUT_RETURN_TYPE = YES_ERROR;
				GCC_WARN_UNDECLARED_SELECTOR = YES;
				GCC_WARN_UNINITIALIZED_AUTOS = YES_AGGRESSIVE;
				GCC_WARN_UNUSED_FUNCTION = YES;
				GCC_WARN_UNUSED_VARIABLE = YES;
				IPHONEOS_DEPLOYMENT_TARGET = 13.2;
				MTL_ENABLE_DEBUG_INFO = INCLUDE_SOURCE;
				MTL_FAST_MATH = YES;
				ONLY_ACTIVE_ARCH = YES;
				SDKROOT = iphoneos;
				SWIFT_ACTIVE_COMPILATION_CONDITIONS = DEBUG;
				SWIFT_OPTIMIZATION_LEVEL = "-Onone";
			};
			name = Debug;
		};
		6D5DFF4D244520790035D998 /* Release */ = {
			isa = XCBuildConfiguration;
			buildSettings = {
				ALWAYS_SEARCH_USER_PATHS = NO;
				CLANG_ANALYZER_NONNULL = YES;
				CLANG_ANALYZER_NUMBER_OBJECT_CONVERSION = YES_AGGRESSIVE;
				CLANG_CXX_LANGUAGE_STANDARD = "gnu++14";
				CLANG_CXX_LIBRARY = "libc++";
				CLANG_ENABLE_MODULES = YES;
				CLANG_ENABLE_OBJC_ARC = YES;
				CLANG_ENABLE_OBJC_WEAK = YES;
				CLANG_WARN_BLOCK_CAPTURE_AUTORELEASING = YES;
				CLANG_WARN_BOOL_CONVERSION = YES;
				CLANG_WARN_COMMA = YES;
				CLANG_WARN_CONSTANT_CONVERSION = YES;
				CLANG_WARN_DEPRECATED_OBJC_IMPLEMENTATIONS = YES;
				CLANG_WARN_DIRECT_OBJC_ISA_USAGE = YES_ERROR;
				CLANG_WARN_DOCUMENTATION_COMMENTS = YES;
				CLANG_WARN_EMPTY_BODY = YES;
				CLANG_WARN_ENUM_CONVERSION = YES;
				CLANG_WARN_INFINITE_RECURSION = YES;
				CLANG_WARN_INT_CONVERSION = YES;
				CLANG_WARN_NON_LITERAL_NULL_CONVERSION = YES;
				CLANG_WARN_OBJC_IMPLICIT_RETAIN_SELF = YES;
				CLANG_WARN_OBJC_LITERAL_CONVERSION = YES;
				CLANG_WARN_OBJC_ROOT_CLASS = YES_ERROR;
				CLANG_WARN_RANGE_LOOP_ANALYSIS = YES;
				CLANG_WARN_STRICT_PROTOTYPES = YES;
				CLANG_WARN_SUSPICIOUS_MOVE = YES;
				CLANG_WARN_UNGUARDED_AVAILABILITY = YES_AGGRESSIVE;
				CLANG_WARN_UNREACHABLE_CODE = YES;
				CLANG_WARN__DUPLICATE_METHOD_MATCH = YES;
				COPY_PHASE_STRIP = NO;
				DEBUG_INFORMATION_FORMAT = "dwarf-with-dsym";
				ENABLE_NS_ASSERTIONS = NO;
				ENABLE_STRICT_OBJC_MSGSEND = YES;
				GCC_C_LANGUAGE_STANDARD = gnu11;
				GCC_NO_COMMON_BLOCKS = YES;
				GCC_WARN_64_TO_32_BIT_CONVERSION = YES;
				GCC_WARN_ABOUT_RETURN_TYPE = YES_ERROR;
				GCC_WARN_UNDECLARED_SELECTOR = YES;
				GCC_WARN_UNINITIALIZED_AUTOS = YES_AGGRESSIVE;
				GCC_WARN_UNUSED_FUNCTION = YES;
				GCC_WARN_UNUSED_VARIABLE = YES;
				IPHONEOS_DEPLOYMENT_TARGET = 13.2;
				MTL_ENABLE_DEBUG_INFO = NO;
				MTL_FAST_MATH = YES;
				SDKROOT = iphoneos;
				SWIFT_COMPILATION_MODE = wholemodule;
				SWIFT_OPTIMIZATION_LEVEL = "-O";
				VALIDATE_PRODUCT = YES;
			};
			name = Release;
		};
		6D5DFF4F244520790035D998 /* Debug */ = {
			isa = XCBuildConfiguration;
			baseConfigurationReference = 3571B404CE6D7D62A547C229 /* Pods-Zero.debug.xcconfig */;
			buildSettings = {
				ASSETCATALOG_COMPILER_APPICON_NAME = AppIcon;
				CODE_SIGN_STYLE = Automatic;
				DEVELOPMENT_TEAM = 559ZUS8KA9;
				INFOPLIST_FILE = Zero/Info.plist;
				LD_RUNPATH_SEARCH_PATHS = (
					"$(inherited)",
					"@executable_path/Frameworks",
				);
				PRODUCT_BUNDLE_IDENTIFIER = SkyStudent.Zero;
				PRODUCT_NAME = "$(TARGET_NAME)";
				SWIFT_VERSION = 5.0;
				TARGETED_DEVICE_FAMILY = "1,2";
			};
			name = Debug;
		};
		6D5DFF50244520790035D998 /* Release */ = {
			isa = XCBuildConfiguration;
			baseConfigurationReference = 01D2A408A919B0C1FE5A226C /* Pods-Zero.release.xcconfig */;
			buildSettings = {
				ASSETCATALOG_COMPILER_APPICON_NAME = AppIcon;
				CODE_SIGN_STYLE = Automatic;
				DEVELOPMENT_TEAM = 559ZUS8KA9;
				INFOPLIST_FILE = Zero/Info.plist;
				LD_RUNPATH_SEARCH_PATHS = (
					"$(inherited)",
					"@executable_path/Frameworks",
				);
				PRODUCT_BUNDLE_IDENTIFIER = SkyStudent.Zero;
				PRODUCT_NAME = "$(TARGET_NAME)";
				SWIFT_VERSION = 5.0;
				TARGETED_DEVICE_FAMILY = "1,2";
			};
			name = Release;
		};
		6D5DFF52244520790035D998 /* Debug */ = {
			isa = XCBuildConfiguration;
			baseConfigurationReference = 37C30E063DC22B3E228F81FA /* Pods-ZeroTests.debug.xcconfig */;
			buildSettings = {
				ALWAYS_EMBED_SWIFT_STANDARD_LIBRARIES = YES;
				BUNDLE_LOADER = "$(TEST_HOST)";
				CODE_SIGN_STYLE = Automatic;
				DEVELOPMENT_TEAM = 559ZUS8KA9;
				INFOPLIST_FILE = ZeroTests/Info.plist;
				IPHONEOS_DEPLOYMENT_TARGET = 13.2;
				LD_RUNPATH_SEARCH_PATHS = (
					"$(inherited)",
					"@executable_path/Frameworks",
					"@loader_path/Frameworks",
				);
				PRODUCT_BUNDLE_IDENTIFIER = SkyStudent.ZeroTests;
				PRODUCT_NAME = "$(TARGET_NAME)";
				SWIFT_VERSION = 5.0;
				TARGETED_DEVICE_FAMILY = "1,2";
				TEST_HOST = "$(BUILT_PRODUCTS_DIR)/Zero.app/Zero";
			};
			name = Debug;
		};
		6D5DFF53244520790035D998 /* Release */ = {
			isa = XCBuildConfiguration;
			baseConfigurationReference = B464E06570C7AE23486B860B /* Pods-ZeroTests.release.xcconfig */;
			buildSettings = {
				ALWAYS_EMBED_SWIFT_STANDARD_LIBRARIES = YES;
				BUNDLE_LOADER = "$(TEST_HOST)";
				CODE_SIGN_STYLE = Automatic;
				DEVELOPMENT_TEAM = 559ZUS8KA9;
				INFOPLIST_FILE = ZeroTests/Info.plist;
				IPHONEOS_DEPLOYMENT_TARGET = 13.2;
				LD_RUNPATH_SEARCH_PATHS = (
					"$(inherited)",
					"@executable_path/Frameworks",
					"@loader_path/Frameworks",
				);
				PRODUCT_BUNDLE_IDENTIFIER = SkyStudent.ZeroTests;
				PRODUCT_NAME = "$(TARGET_NAME)";
				SWIFT_VERSION = 5.0;
				TARGETED_DEVICE_FAMILY = "1,2";
				TEST_HOST = "$(BUILT_PRODUCTS_DIR)/Zero.app/Zero";
			};
			name = Release;
		};
		6D5DFF55244520790035D998 /* Debug */ = {
			isa = XCBuildConfiguration;
			baseConfigurationReference = 41604115D67B7FFA71C3B009 /* Pods-Zero-ZeroUITests.debug.xcconfig */;
			buildSettings = {
				ALWAYS_EMBED_SWIFT_STANDARD_LIBRARIES = YES;
				CODE_SIGN_STYLE = Automatic;
				DEVELOPMENT_TEAM = 559ZUS8KA9;
				INFOPLIST_FILE = ZeroUITests/Info.plist;
				LD_RUNPATH_SEARCH_PATHS = (
					"$(inherited)",
					"@executable_path/Frameworks",
					"@loader_path/Frameworks",
				);
				PRODUCT_BUNDLE_IDENTIFIER = SkyStudent.ZeroUITests;
				PRODUCT_NAME = "$(TARGET_NAME)";
				SWIFT_VERSION = 5.0;
				TARGETED_DEVICE_FAMILY = "1,2";
				TEST_TARGET_NAME = Zero;
			};
			name = Debug;
		};
		6D5DFF56244520790035D998 /* Release */ = {
			isa = XCBuildConfiguration;
			baseConfigurationReference = F7DC96F2D842E3CD2F6CE08B /* Pods-Zero-ZeroUITests.release.xcconfig */;
			buildSettings = {
				ALWAYS_EMBED_SWIFT_STANDARD_LIBRARIES = YES;
				CODE_SIGN_STYLE = Automatic;
				DEVELOPMENT_TEAM = 559ZUS8KA9;
				INFOPLIST_FILE = ZeroUITests/Info.plist;
				LD_RUNPATH_SEARCH_PATHS = (
					"$(inherited)",
					"@executable_path/Frameworks",
					"@loader_path/Frameworks",
				);
				PRODUCT_BUNDLE_IDENTIFIER = SkyStudent.ZeroUITests;
				PRODUCT_NAME = "$(TARGET_NAME)";
				SWIFT_VERSION = 5.0;
				TARGETED_DEVICE_FAMILY = "1,2";
				TEST_TARGET_NAME = Zero;
			};
			name = Release;
		};
/* End XCBuildConfiguration section */

/* Begin XCConfigurationList section */
		6D5DFF1F244520760035D998 /* Build configuration list for PBXProject "Zero" */ = {
			isa = XCConfigurationList;
			buildConfigurations = (
				6D5DFF4C244520790035D998 /* Debug */,
				6D5DFF4D244520790035D998 /* Release */,
			);
			defaultConfigurationIsVisible = 0;
			defaultConfigurationName = Release;
		};
		6D5DFF4E244520790035D998 /* Build configuration list for PBXNativeTarget "Zero" */ = {
			isa = XCConfigurationList;
			buildConfigurations = (
				6D5DFF4F244520790035D998 /* Debug */,
				6D5DFF50244520790035D998 /* Release */,
			);
			defaultConfigurationIsVisible = 0;
			defaultConfigurationName = Release;
		};
		6D5DFF51244520790035D998 /* Build configuration list for PBXNativeTarget "ZeroTests" */ = {
			isa = XCConfigurationList;
			buildConfigurations = (
				6D5DFF52244520790035D998 /* Debug */,
				6D5DFF53244520790035D998 /* Release */,
			);
			defaultConfigurationIsVisible = 0;
			defaultConfigurationName = Release;
		};
		6D5DFF54244520790035D998 /* Build configuration list for PBXNativeTarget "ZeroUITests" */ = {
			isa = XCConfigurationList;
			buildConfigurations = (
				6D5DFF55244520790035D998 /* Debug */,
				6D5DFF56244520790035D998 /* Release */,
			);
			defaultConfigurationIsVisible = 0;
			defaultConfigurationName = Release;
		};
/* End XCConfigurationList section */
	};
	rootObject = 6D5DFF1C244520760035D998 /* Project object */;
}
